
Microsoft Visual Studio Solution File, Format Version 12.00
# Visual Studio 15
VisualStudioVersion = 15.0.28010.2048
MinimumVisualStudioVersion = 10.0.40219.1
Project("{FAE04EC0-301F-11D3-BF4B-00C04F79EFBC}") = "20181031_SystemTimer", "20181031_SystemTimer\20181031_SystemTimer.csproj", "{696B3E4A-6863-4607-80DE-A5363D767F05}"
EndProject
Global
	GlobalSection(SolutionConfigurationPlatforms) = preSolution
		Debug|Any CPU = Debug|Any CPU
		Release|Any CPU = Release|Any CPU
	EndGlobalSection
	GlobalSection(ProjectConfigurationPlatforms) = postSolution
		{696B3E4A-6863-4607-80DE-A5363D767F05}.Debug|Any CPU.ActiveCfg = Debug|Any CPU
		{696B3E4A-6863-4607-80DE-A5363D767F05}.Debug|Any CPU.Build.0 = Debug|Any CPU
		{696B3E4A-6863-4607-80DE-A5363D767F05}.Release|Any CPU.ActiveCfg = Release|Any CPU
		{696B3E4A-6863-4607-80DE-A5363D767F05}.Release|Any CPU.Build.0 = Release|Any CPU
	EndGlobalSection
	GlobalSection(SolutionProperties) = preSolution
		HideSolutionNode = FALSE
	EndGlobalSection
	GlobalSection(ExtensibilityGlobals) = postSolution
		SolutionGuid = {FC7E4681-F99E-4404-BCD9-DBA1303F9174}
	EndGlobalSection
EndGlobal
